
Microsoft Visual Studio Solution File, Format Version 12.00
# Visual Studio 15
VisualStudioVersion = 15.0.28307.136
MinimumVisualStudioVersion = 10.0.40219.1
Project("{FAE04EC0-301F-11D3-BF4B-00C04F79EFBC}") = "TjcUsartHmiEnglishPatch", "TjcUsartHmiEnglishPatch.csproj", "{D299A793-648D-467F-A113-CC42A2417B38}"
EndProject
Global
	GlobalSection(SolutionConfigurationPlatforms) = preSolution
		Debug|Any CPU = Debug|Any CPU
		Release|Any CPU = Release|Any CPU
	EndGlobalSection
	GlobalSection(ProjectConfigurationPlatforms) = postSolution
		{D299A793-648D-467F-A113-CC42A2417B38}.Debug|Any CPU.ActiveCfg = Debug|Any CPU
		{D299A793-648D-467F-A113-CC42A2417B38}.Debug|Any CPU.Build.0 = Debug|Any CPU
		{D299A793-648D-467F-A113-CC42A2417B38}.Release|Any CPU.ActiveCfg = Release|Any CPU
		{D299A793-648D-467F-A113-CC42A2417B38}.Release|Any CPU.Build.0 = Release|Any CPU
	EndGlobalSection
	GlobalSection(SolutionProperties) = preSolution
		HideSolutionNode = FALSE
	EndGlobalSection
	GlobalSection(ExtensibilityGlobals) = postSolution
		SolutionGuid = {81DF0E5F-9466-4DE3-A175-B6B204CF95F6}
	EndGlobalSection
EndGlobal
